{
  "name": "faroswap-auto-bot",
  "version": "1.0.0",
  "lockfileVersion": 3,
  "requires": true,
  "packages": {
    "": {
      "name": "faroswap-auto-bot",
      "version": "1.0.0",
      "license": "MIT",
      "dependencies": {
        "axios": "^1.6.7",
        "blessed": "^0.1.81",
        "chalk": "^5.3.0",
        "ethers": "^6.10.0",
        "figlet": "^1.7.0",
        "https-proxy-agent": "^7.0.2",
        "socks-proxy-agent": "^8.0.2"
      },
      "engines": {
        "node": ">=18.0.0"
      }
    },
    "node_modules/@ethersproject/abi": {
      "version": "5.7.0",
      "resolved": "https://registry.npmjs.org/@ethersproject/abi/-/abi-5.7.0.tgz",
      "integrity": "sha512-ay/M8QdQq1FQKXrQ+G5Z5WwPwXN2eNXVuoVqTQZqW//WGQ+qBxZ7ZQQQo5m2sBv0jZx5qj/5EwLrQ1Xx9Z5Zg==",
      "dependencies": {
        "@ethersproject/bytes": "5.7.0",
        "@ethersproject/logger": "5.7.0"
      }
    },
    "node_modules/@ethersproject/abstract-provider": {
      "version": "5.7.0",
      "resolved": "https://registry.npmjs.org/@ethersproject/abstract-provider/-/abstract-provider-5.7.0.tgz",
      "integrity": "sha512-5Z5Q5Q5Q5Q5Q5Q5Q5Q5Q5Q5Q5Q5Q5Q5Q5Q5Q5Q5Q5Q5Q5Q5Q5Q5Q5Q5Q5Q5Q5Q5Q5Q5Q5Q5Q5Q5Q5Q5Q5Q5Q5Q5Q==",
      "dependencies": {
        "@ethersproject/abstract-signer": "5.7.0",
        "@ethersproject/bignumber": "5.7.0",
        "@ethersproject/bytes": "5.7.0",
        "@ethersproject/logger": "5.7.0",
        "@ethersproject/networks": "5.7.0",
        "@ethersproject/properties": "5.7.0",
        "@ethersproject/transactions": "5.7.0",
        "@ethersproject/web": "5.7.0"
      }
    },
    "node_modules/@ethersproject/abstract-signer": {
      "version": "5.7.0",
      "resolved": "https://registry.npmjs.org/@ethersproject/abstract-signer/-/abstract-signer-5.7.0.tgz",
      "integrity": "sha512-5Z5Q5Q5Q5Q5Q5Q5Q5Q5Q5Q5Q5Q5Q5Q5Q5Q5Q5Q5Q5Q5Q5Q5Q5Q5Q5Q5Q5Q5Q5Q5Q5Q5Q5Q5Q5Q5Q5Q5Q5Q5Q5Q5Q==",
      "dependencies": {
        "@ethersproject/bytes": "5.7.0",
        "@ethersproject/logger": "5.7.0",
        "@ethersproject/properties": "5.7.0",
        "@ethersproject/transactions": "5.7.0"
      }
    },
    "node_modules/@ethersproject/address": {
      "version": "5.7.0",
      "resolved": "https://registry.npmjs.org/@ethersproject/address/-/address-5.7.0.tgz",
      "integrity": "sha512-5Z5Q5Q5Q5Q5Q5Q5Q5Q5Q5Q5Q5Q5Q5Q5Q5Q5Q5Q5Q5Q5Q5Q5Q5Q5Q5Q5Q5Q5Q5Q5Q5Q5Q5Q5Q5Q5Q5Q5Q5Q5Q5Q5Q==",
      "dependencies": {
        "@ethersproject/bytes": "5.7.0",
        "@ethersproject/logger": "5.7.0"
      }
    },
    "node_modules/@ethersproject/base64": {
      "version": "5.7.0",
      "resolved": "https://registry.npmjs.org/@ethersproject/base64/-/base64-5.7.0.tgz",
      "integrity": "sha512-5Z5Q5Q5Q5Q5Q5Q5Q5Q5Q5Q5Q5Q5Q5Q5Q5Q5Q5Q5Q5Q5Q5Q5Q5Q5Q5Q5Q5Q5Q5Q5Q5Q5Q5Q5Q5Q5Q5Q5Q5Q5Q5Q5Q==",
      "dependencies": {
        "@ethersproject/logger": "5.7.0"
      }
    },
    "node_modules/@ethersproject/basex": {
      "version": "5.7.0",
      "resolved": "https://registry.npmjs.org/@ethersproject/basex/-/basex-5.7.0.tgz",
      "integrity": "sha512-5Z5Q5Q5Q5Q5Q5Q5Q5Q5Q5Q5Q5Q5Q5Q5Q5Q5Q5Q5Q5Q5Q5Q5Q5Q5Q5Q5Q5Q5Q5Q5Q5Q5Q5Q5Q5Q5Q5Q5Q5Q5Q5Q5Q==",
      "dependencies": {
        "@ethersproject/logger": "5.7.0"
      }
    },
    "node_modules/@ethersproject/bignumber": {
      "version": "5.7.0",
      "resolved": "https://registry.npmjs.org/@ethersproject/bignumber/-/bignumber-5.7.0.tgz",
      "integrity": "sha512-5Z5Q5Q5Q5Q5Q5Q5Q5Q5Q5Q5Q5Q5Q5Q5Q5Q5Q5Q5Q5Q5Q5Q5Q5Q5Q5Q5Q5Q5Q5Q5Q5Q5Q5Q5Q5Q5Q5Q5Q5Q5Q5Q5Q==",
      "dependencies": {
        "@ethersproject/bytes": "5.7.0",
        "@ethersproject/logger": "5.7.0"
      }
    },
    "node_modules/@ethersproject/bytes": {
      "version": "5.7.0",
      "resolved": "https://registry.npmjs.org/@ethersproject/bytes/-/bytes-5.7.0.tgz",
      "integrity": "sha512-5Z5Q5Q5Q5Q5Q5Q5Q5Q5Q5Q5Q5Q5Q5Q5Q5Q5Q5Q5Q5Q5Q5Q5Q5Q5Q5Q5Q5Q5Q5Q5Q5Q5Q5Q5Q5Q5Q5Q5Q5Q5Q5Q5Q==",
      "dependencies": {
        "@ethersproject/logger": "5.7.0"
      }
    },
    "node_modules/@ethersproject/constants": {
      "version": "5.7.0",
      "resolved": "https://registry.npmjs.org/@ethersproject/constants/-/constants-5.7.0.tgz",
      "integrity": "sha512-5Z5Q5Q5Q5Q5Q5Q5Q5Q5Q5Q5Q5Q5Q5Q5Q5Q5Q5Q5Q5Q5Q5Q5Q5Q5Q5Q5Q5Q5Q5Q5Q5Q5Q5Q5Q5Q5Q5Q5Q5Q5Q5Q5Q==",
      "dependencies": {
        "@ethersproject/logger": "5.7.0"
      }
    },
    "node_modules/@ethersproject/contracts": {
      "version": "5.7.0",
      "resolved": "https://registry.npmjs.org/@ethersproject/contracts/-/contracts-5.7.0.tgz",
      "integrity": "sha512-5Z5Q5Q5Q5Q5Q5Q5Q5Q5Q5Q5Q5Q5Q5Q5Q5Q5Q5Q5Q5Q5Q5Q5Q5Q5Q5Q5Q5Q5Q5Q5Q5Q5Q5Q5Q5Q5Q5Q5Q5Q5Q5Q5Q==",
      "dependencies": {
        "@ethersproject/abi": "5.7.0",
        "@ethersproject/abstract-provider": "5.7.0",
        "@ethersproject/abstract-signer": "5.7.0",
        "@ethersproject/address": "5.7.0",
        "@ethersproject/bignumber": "5.7.0",
        "@ethersproject/bytes": "5.7.0",
        "@ethersproject/logger": "5.7.0",
        "@ethersproject/properties": "5.7.0"
      }
    },
    "node_modules/@ethersproject/hash": {
      "version": "5.7.0",
      "resolved": "https://registry.npmjs.org/@ethersproject/hash/-/hash-5.7.0.tgz",
      "integrity": "sha512-5Z5Q5Q5Q5Q5Q5Q5Q5Q5Q5Q5Q5Q5Q5Q5Q5Q5Q5Q5Q5Q5Q5Q5Q5Q5Q5Q5Q5Q5Q5Q5Q5Q5Q5Q5Q5Q5Q5Q5Q5Q5Q5Q5Q==",
      "dependencies": {
        "@ethersproject/bytes": "5.7.0",
        "@ethersproject/logger": "5.7.0"
      }
    },
    "node_modules/@ethersproject/hdnode": {
      "version": "5.7.0",
      "resolved": "https://registry.npmjs.org/@ethersproject/hdnode/-/hdnode-5.7.0.tgz",
      "integrity": "sha512-5Z5Q5Q5Q5Q5Q5Q5Q5Q5Q5Q5Q5Q5Q5Q5Q5Q5Q5Q5Q5Q5Q5Q5Q5Q5Q5Q5Q5Q5Q5Q5Q5Q5Q5Q5Q5Q5Q5Q5Q5Q5Q5Q5Q==",
      "dependen
